# THIS IS AN AUTOGENERATED FILE. DO NOT EDIT THIS FILE DIRECTLY.
# yarn lockfile v1


"@sentry/core@6.8.0":
  version "6.8.0"
  resolved "https://registry.nlark.com/@sentry/core/download/@sentry/core-6.8.0.tgz#bfac76844deee9126460c18dc6166015992efdc3"
  integrity sha1-v6x2hE3u6RJkYMGNxhZgFZku/cM=
  dependencies:
    "@sentry/hub" "6.8.0"
    "@sentry/minimal" "6.8.0"
    "@sentry/types" "6.8.0"
    "@sentry/utils" "6.8.0"
    tslib "^1.9.3"

"@sentry/hub@6.8.0":
  version "6.8.0"
  resolved "https://registry.nlark.com/@sentry/hub/download/@sentry/hub-6.8.0.tgz?cache=0&sync_timestamp=1624876060202&other_urls=https%3A%2F%2Fregistry.nlark.com%2F%40sentry%2Fhub%2Fdownload%2F%40sentry%2Fhub-6.8.0.tgz#cb0f8509093919ed3c1ef98ef8cf63dc102a6524"
  integrity sha1-yw+FCQk5Ge08HvmO+M9j3BAqZSQ=
  dependencies:
    "@sentry/types" "6.8.0"
    "@sentry/utils" "6.8.0"
    tslib "^1.9.3"

"@sentry/minimal@6.8.0":
  version "6.8.0"
  resolved "https://registry.nlark.com/@sentry/minimal/download/@sentry/minimal-6.8.0.tgz?cache=0&sync_timestamp=1624876061493&other_urls=https%3A%2F%2Fregistry.nlark.com%2F%40sentry%2Fminimal%2Fdownload%2F%40sentry%2Fminimal-6.8.0.tgz#d6c3e4c96f231367aeb2b8a87a83b53d28e7c6db"
  integrity sha1-1sPkyW8jE2eusrioeoO1PSjnxts=
  dependencies:
    "@sentry/hub" "6.8.0"
    "@sentry/types" "6.8.0"
    tslib "^1.9.3"

"@sentry/node@^6.8.0":
  version "6.8.0"
  resolved "https://registry.nlark.com/@sentry/node/download/@sentry/node-6.8.0.tgz#d39b45c2b9d33c0cf8859da70d08e25ae58c7dbc"
  integrity sha1-05tFwrnTPAz4hZ2nDQjiWuWMfbw=
  dependencies:
    "@sentry/core" "6.8.0"
    "@sentry/hub" "6.8.0"
    "@sentry/tracing" "6.8.0"
    "@sentry/types" "6.8.0"
    "@sentry/utils" "6.8.0"
    cookie "^0.4.1"
    https-proxy-agent "^5.0.0"
    lru_map "^0.3.3"
    tslib "^1.9.3"

"@sentry/tracing@6.8.0":
  version "6.8.0"
  resolved "https://registry.nlark.com/@sentry/tracing/download/@sentry/tracing-6.8.0.tgz#5baa4f2e66cd2e6851c213213017850f67e65f4b"
  integrity sha1-W6pPLmbNLmhRwhMhMBeFD2fmX0s=
  dependencies:
    "@sentry/hub" "6.8.0"
    "@sentry/minimal" "6.8.0"
    "@sentry/types" "6.8.0"
    "@sentry/utils" "6.8.0"
    tslib "^1.9.3"

"@sentry/types@6.8.0":
  version "6.8.0"
  resolved "https://registry.nlark.com/@sentry/types/download/@sentry/types-6.8.0.tgz?cache=0&sync_timestamp=1624876213638&other_urls=https%3A%2F%2Fregistry.nlark.com%2F%40sentry%2Ftypes%2Fdownload%2F%40sentry%2Ftypes-6.8.0.tgz#97fd531a0ed1e75e65b4a24b26509fb7c15eb7b8"
  integrity sha1-l/1TGg7R515ltKJLJlCft8Fet7g=

"@sentry/utils@6.8.0":
  version "6.8.0"
  resolved "https://registry.nlark.com/@sentry/utils/download/@sentry/utils-6.8.0.tgz#0ffafa5b69fe0cdeabad5c4a6cc68a426eaa6b37"
  integrity sha1-D/r6W2n+DN6rrVxKbMaKQm6qazc=
  dependencies:
    "@sentry/types" "6.8.0"
    tslib "^1.9.3"

"@zcy/node-sentry-client@^1.0.0":
  version "1.0.0"
  resolved "http://mirrors-front.cai-inc.com/@zcy/node-sentry-client/download/@zcy/node-sentry-client-1.0.0.tgz#117a7ede9cb77e6ffbb8039eed95a0b4807377f9"
  integrity sha1-EXp+3py3fm/7uAOe7ZWgtIBzd/k=
  dependencies:
    "@sentry/node" "^6.8.0"

agent-base@6:
  version "6.0.2"
  resolved "https://registry.nlark.com/agent-base/download/agent-base-6.0.2.tgz#49fff58577cfee3f37176feab4c22e00f86d7f77"
  integrity sha1-Sf/1hXfP7j83F2/qtMIuAPhtf3c=
  dependencies:
    debug "4"

cookie@^0.4.1:
  version "0.4.1"
  resolved "https://registry.npm.taobao.org/cookie/download/cookie-0.4.1.tgz#afd713fe26ebd21ba95ceb61f9a8116e50a537d1"
  integrity sha1-r9cT/ibr0hupXOth+agRblClN9E=

debug@4:
  version "4.3.1"
  resolved "https://registry.npm.taobao.org/debug/download/debug-4.3.1.tgz?cache=0&sync_timestamp=1614330710870&other_urls=https%3A%2F%2Fregistry.npm.taobao.org%2Fdebug%2Fdownload%2Fdebug-4.3.1.tgz#f0d229c505e0c6d8c49ac553d1b13dc183f6b2ee"
  integrity sha1-8NIpxQXgxtjEmsVT0bE9wYP2su4=
  dependencies:
    ms "2.1.2"

https-proxy-agent@^5.0.0:
  version "5.0.0"
  resolved "https://registry.nlark.com/https-proxy-agent/download/https-proxy-agent-5.0.0.tgz#e2a90542abb68a762e0a0850f6c9edadfd8506b2"
  integrity sha1-4qkFQqu2inYuCghQ9sntrf2FBrI=
  dependencies:
    agent-base "6"
    debug "4"

lru_map@^0.3.3:
  version "0.3.3"
  resolved "https://registry.npm.taobao.org/lru_map/download/lru_map-0.3.3.tgz#b5c8351b9464cbd750335a79650a0ec0e56118dd"
  integrity sha1-tcg1G5Rky9dQM1p5ZQoOwOVhGN0=

ms@2.1.2:
  version "2.1.2"
  resolved "https://registry.npm.taobao.org/ms/download/ms-2.1.2.tgz?cache=0&sync_timestamp=1607433899126&other_urls=https%3A%2F%2Fregistry.npm.taobao.org%2Fms%2Fdownload%2Fms-2.1.2.tgz#d09d1f357b443f493382a8eb3ccd183872ae6009"
  integrity sha1-0J0fNXtEP0kzgqjrPM0YOHKuYAk=

tslib@^1.9.3:
  version "1.14.1"
  resolved "https://registry.nlark.com/tslib/download/tslib-1.14.1.tgz?cache=0&other_urls=https%3A%2F%2Fregistry.nlark.com%2Ftslib%2Fdownload%2Ftslib-1.14.1.tgz#cf2d38bdc34a134bcaf1091c41f6619e2f672d00"
  integrity sha1-zy04vcNKE0vK8QkcQfZhni9nLQA=
